
Microsoft Visual Studio Solution File, Format Version 12.00
# Visual Studio Version 17
VisualStudioVersion = 17.4.33122.133
MinimumVisualStudioVersion = 10.0.40219.1
Project("{9A19103F-16F7-4668-BE54-9A1E7A4F7556}") = "CursoCSharp", "CursoCSharp\CursoCSharp.csproj", "{5B76C07E-E1B1-4710-A85B-2D9ED68C3DB9}"
EndProject
Project("{9A19103F-16F7-4668-BE54-9A1E7A4F7556}") = "Aula16", "Aula16\Aula16.csproj", "{81EAF9B6-BE97-41E7-ACF9-1CDCF2A609AA}"
EndProject
Project("{9A19103F-16F7-4668-BE54-9A1E7A4F7556}") = "Aula15", "Aula15\Aula15.csproj", "{0C8DD314-2619-41BF-8A8F-45D16B03AA41}"
EndProject
Project("{9A19103F-16F7-4668-BE54-9A1E7A4F7556}") = "Aula17", "Aula17\Aula17.csproj", "{80EE11F9-0633-4A3C-9492-9E58100B110A}"
EndProject
Project("{9A19103F-16F7-4668-BE54-9A1E7A4F7556}") = "Aula18", "Aula18\Aula18.csproj", "{E79B82C2-9FE2-4660-896D-64A140EFE5E2}"
EndProject
Project("{9A19103F-16F7-4668-BE54-9A1E7A4F7556}") = "Exercicio1", "Exercicio1\Exercicio1.csproj", "{735E90E4-4D20-4B3C-B934-BCC2136A591C}"
EndProject
Project("{9A19103F-16F7-4668-BE54-9A1E7A4F7556}") = "Aula19", "Aula19\Aula19.csproj", "{6A86D1B6-48F9-47BD-9AE0-9D722FD7FD51}"
EndProject
Project("{9A19103F-16F7-4668-BE54-9A1E7A4F7556}") = "Aula20", "Aula20\Aula20.csproj", "{CAC093E9-B8F2-4347-A36C-16326F105A27}"
EndProject
Project("{9A19103F-16F7-4668-BE54-9A1E7A4F7556}") = "Aula21", "Aula21\Aula21.csproj", "{A3D5B820-DE3E-4CA4-A844-72E83385E89E}"
EndProject
Project("{FAE04EC0-301F-11D3-BF4B-00C04F79EFBC}") = "Aula22", "Aula22\Aula22.csproj", "{EF268664-2A60-4CEF-8ED8-C931398CD23D}"
EndProject
Project("{FAE04EC0-301F-11D3-BF4B-00C04F79EFBC}") = "Aula23", "Aula23\Aula23.csproj", "{EF2AC968-69AA-494C-A396-63282A1B0D93}"
EndProject
Project("{FAE04EC0-301F-11D3-BF4B-00C04F79EFBC}") = "Exercicio2", "Exercicio2\Exercicio2.csproj", "{A4EC3915-2CE4-45C0-9236-F87A92D6B519}"
EndProject
Global
	GlobalSection(SolutionConfigurationPlatforms) = preSolution
		Debug|Any CPU = Debug|Any CPU
		Release|Any CPU = Release|Any CPU
	EndGlobalSection
	GlobalSection(ProjectConfigurationPlatforms) = postSolution
		{5B76C07E-E1B1-4710-A85B-2D9ED68C3DB9}.Debug|Any CPU.ActiveCfg = Debug|Any CPU
		{5B76C07E-E1B1-4710-A85B-2D9ED68C3DB9}.Debug|Any CPU.Build.0 = Debug|Any CPU
		{5B76C07E-E1B1-4710-A85B-2D9ED68C3DB9}.Release|Any CPU.ActiveCfg = Release|Any CPU
		{5B76C07E-E1B1-4710-A85B-2D9ED68C3DB9}.Release|Any CPU.Build.0 = Release|Any CPU
		{81EAF9B6-BE97-41E7-ACF9-1CDCF2A609AA}.Debug|Any CPU.ActiveCfg = Debug|Any CPU
		{81EAF9B6-BE97-41E7-ACF9-1CDCF2A609AA}.Debug|Any CPU.Build.0 = Debug|Any CPU
		{81EAF9B6-BE97-41E7-ACF9-1CDCF2A609AA}.Release|Any CPU.ActiveCfg = Release|Any CPU
		{81EAF9B6-BE97-41E7-ACF9-1CDCF2A609AA}.Release|Any CPU.Build.0 = Release|Any CPU
		{0C8DD314-2619-41BF-8A8F-45D16B03AA41}.Debug|Any CPU.ActiveCfg = Debug|Any CPU
		{0C8DD314-2619-41BF-8A8F-45D16B03AA41}.Debug|Any CPU.Build.0 = Debug|Any CPU
		{0C8DD314-2619-41BF-8A8F-45D16B03AA41}.Release|Any CPU.ActiveCfg = Release|Any CPU
		{0C8DD314-2619-41BF-8A8F-45D16B03AA41}.Release|Any CPU.Build.0 = Release|Any CPU
		{80EE11F9-0633-4A3C-9492-9E58100B110A}.Debug|Any CPU.ActiveCfg = Debug|Any CPU
		{80EE11F9-0633-4A3C-9492-9E58100B110A}.Debug|Any CPU.Build.0 = Debug|Any CPU
		{80EE11F9-0633-4A3C-9492-9E58100B110A}.Release|Any CPU.ActiveCfg = Release|Any CPU
		{80EE11F9-0633-4A3C-9492-9E58100B110A}.Release|Any CPU.Build.0 = Release|Any CPU
		{E79B82C2-9FE2-4660-896D-64A140EFE5E2}.Debug|Any CPU.ActiveCfg = Debug|Any CPU
		{E79B82C2-9FE2-4660-896D-64A140EFE5E2}.Debug|Any CPU.Build.0 = Debug|Any CPU
		{E79B82C2-9FE2-4660-896D-64A140EFE5E2}.Release|Any CPU.ActiveCfg = Release|Any CPU
		{E79B82C2-9FE2-4660-896D-64A140EFE5E2}.Release|Any CPU.Build.0 = Release|Any CPU
		{735E90E4-4D20-4B3C-B934-BCC2136A591C}.Debug|Any CPU.ActiveCfg = Debug|Any CPU
		{735E90E4-4D20-4B3C-B934-BCC2136A591C}.Debug|Any CPU.Build.0 = Debug|Any CPU
		{735E90E4-4D20-4B3C-B934-BCC2136A591C}.Release|Any CPU.ActiveCfg = Release|Any CPU
		{735E90E4-4D20-4B3C-B934-BCC2136A591C}.Release|Any CPU.Build.0 = Release|Any CPU
		{6A86D1B6-48F9-47BD-9AE0-9D722FD7FD51}.Debug|Any CPU.ActiveCfg = Debug|Any CPU
		{6A86D1B6-48F9-47BD-9AE0-9D722FD7FD51}.Debug|Any CPU.Build.0 = Debug|Any CPU
		{6A86D1B6-48F9-47BD-9AE0-9D722FD7FD51}.Release|Any CPU.ActiveCfg = Release|Any CPU
		{6A86D1B6-48F9-47BD-9AE0-9D722FD7FD51}.Release|Any CPU.Build.0 = Release|Any CPU
		{CAC093E9-B8F2-4347-A36C-16326F105A27}.Debug|Any CPU.ActiveCfg = Debug|Any CPU
		{CAC093E9-B8F2-4347-A36C-16326F105A27}.Debug|Any CPU.Build.0 = Debug|Any CPU
		{CAC093E9-B8F2-4347-A36C-16326F105A27}.Release|Any CPU.ActiveCfg = Release|Any CPU
		{CAC093E9-B8F2-4347-A36C-16326F105A27}.Release|Any CPU.Build.0 = Release|Any CPU
		{A3D5B820-DE3E-4CA4-A844-72E83385E89E}.Debug|Any CPU.ActiveCfg = Debug|Any CPU
		{A3D5B820-DE3E-4CA4-A844-72E83385E89E}.Debug|Any CPU.Build.0 = Debug|Any CPU
		{A3D5B820-DE3E-4CA4-A844-72E83385E89E}.Release|Any CPU.ActiveCfg = Release|Any CPU
		{A3D5B820-DE3E-4CA4-A844-72E83385E89E}.Release|Any CPU.Build.0 = Release|Any CPU
		{EF268664-2A60-4CEF-8ED8-C931398CD23D}.Debug|Any CPU.ActiveCfg = Debug|Any CPU
		{EF268664-2A60-4CEF-8ED8-C931398CD23D}.Debug|Any CPU.Build.0 = Debug|Any CPU
		{EF268664-2A60-4CEF-8ED8-C931398CD23D}.Release|Any CPU.ActiveCfg = Release|Any CPU
		{EF268664-2A60-4CEF-8ED8-C931398CD23D}.Release|Any CPU.Build.0 = Release|Any CPU
		{EF2AC968-69AA-494C-A396-63282A1B0D93}.Debug|Any CPU.ActiveCfg = Debug|Any CPU
		{EF2AC968-69AA-494C-A396-63282A1B0D93}.Debug|Any CPU.Build.0 = Debug|Any CPU
		{EF2AC968-69AA-494C-A396-63282A1B0D93}.Release|Any CPU.ActiveCfg = Release|Any CPU
		{EF2AC968-69AA-494C-A396-63282A1B0D93}.Release|Any CPU.Build.0 = Release|Any CPU
		{A4EC3915-2CE4-45C0-9236-F87A92D6B519}.Debug|Any CPU.ActiveCfg = Debug|Any CPU
		{A4EC3915-2CE4-45C0-9236-F87A92D6B519}.Debug|Any CPU.Build.0 = Debug|Any CPU
		{A4EC3915-2CE4-45C0-9236-F87A92D6B519}.Release|Any CPU.ActiveCfg = Release|Any CPU
		{A4EC3915-2CE4-45C0-9236-F87A92D6B519}.Release|Any CPU.Build.0 = Release|Any CPU
	EndGlobalSection
	GlobalSection(SolutionProperties) = preSolution
		HideSolutionNode = FALSE
	EndGlobalSection
	GlobalSection(ExtensibilityGlobals) = postSolution
		SolutionGuid = {8F5D06B2-C50C-49BF-B319-FAD0D3FD8751}
	EndGlobalSection
EndGlobal
